
Microsoft Visual Studio Solution File, Format Version 12.00
# Visual Studio Version 17
VisualStudioVersion = 17.0.31912.275
MinimumVisualStudioVersion = 10.0.40219.1
Project("{FAE04EC0-301F-11D3-BF4B-00C04F79EFBC}") = "LeaveManagementV2.Web", "LeaveManagementV2.Web\LeaveManagementV2.Web.csproj", "{F1D2FE33-D9F0-48F3-80B3-2F2DE9B54ABF}"
EndProject
Global
	GlobalSection(SolutionConfigurationPlatforms) = preSolution
		Debug|Any CPU = Debug|Any CPU
		Release|Any CPU = Release|Any CPU
	EndGlobalSection
	GlobalSection(ProjectConfigurationPlatforms) = postSolution
		{F1D2FE33-D9F0-48F3-80B3-2F2DE9B54ABF}.Debug|Any CPU.ActiveCfg = Debug|Any CPU
		{F1D2FE33-D9F0-48F3-80B3-2F2DE9B54ABF}.Debug|Any CPU.Build.0 = Debug|Any CPU
		{F1D2FE33-D9F0-48F3-80B3-2F2DE9B54ABF}.Release|Any CPU.ActiveCfg = Release|Any CPU
		{F1D2FE33-D9F0-48F3-80B3-2F2DE9B54ABF}.Release|Any CPU.Build.0 = Release|Any CPU
	EndGlobalSection
	GlobalSection(SolutionProperties) = preSolution
		HideSolutionNode = FALSE
	EndGlobalSection
	GlobalSection(ExtensibilityGlobals) = postSolution
		SolutionGuid = {46EA4BB4-337A-45AB-BDA5-959A9DFBB8A7}
	EndGlobalSection
EndGlobal
